// !$*UTF8*$!
{
	archiveVersion = 1;
	classes = {
	};
	objectVersion = 46;
	objects = {

/* Begin PBXBuildFile section */
		360654B01E2090E10020F434 /* CoreDataStackManager.swift in Sources */ = {isa = PBXBuildFile; fileRef = 360654AF1E2090E10020F434 /* CoreDataStackManager.swift */; };
		360654EC1E213AC10020F434 /* FlickrClient.swift in Sources */ = {isa = PBXBuildFile; fileRef = 360654EB1E213AC10020F434 /* FlickrClient.swift */; };
		360654F21E21D31B0020F434 /* PhotoViewController.swift in Sources */ = {isa = PBXBuildFile; fileRef = 360654F11E21D31B0020F434 /* PhotoViewController.swift */; };
		360654F41E2271AD0020F434 /* Common.swift in Sources */ = {isa = PBXBuildFile; fileRef = 360654F31E2271AD0020F434 /* Common.swift */; };
		360654F61E23184B0020F434 /* FlickrImageCell.swift in Sources */ = {isa = PBXBuildFile; fileRef = 360654F51E23184B0020F434 /* FlickrImageCell.swift */; };
		36CBE4C31E20094C00B85D56 /* AppDelegate.swift in Sources */ = {isa = PBXBuildFile; fileRef = 36CBE4C21E20094C00B85D56 /* AppDelegate.swift */; };
		36CBE4C51E20094C00B85D56 /* ViewController.swift in Sources */ = {isa = PBXBuildFile; fileRef = 36CBE4C41E20094C00B85D56 /* ViewController.swift */; };
		36CBE4C81E20094D00B85D56 /* Main.storyboard in Resources */ = {isa = PBXBuildFile; fileRef = 36CBE4C61E20094D00B85D56 /* Main.storyboard */; };
		36CBE4CA1E20094D00B85D56 /* Assets.xcassets in Resources */ = {isa = PBXBuildFile; fileRef = 36CBE4C91E20094D00B85D56 /* Assets.xcassets */; };
		36CBE4CD1E20094D00B85D56 /* LaunchScreen.storyboard in Resources */ = {isa = PBXBuildFile; fileRef = 36CBE4CB1E20094D00B85D56 /* LaunchScreen.storyboard */; };
		36CBE4D81E20094E00B85D56 /* myVirtualTouristTests.swift in Sources */ = {isa = PBXBuildFile; fileRef = 36CBE4D71E20094E00B85D56 /* myVirtualTouristTests.swift */; };
		36CBE4E31E20094E00B85D56 /* myVirtualTouristUITests.swift in Sources */ = {isa = PBXBuildFile; fileRef = 36CBE4E21E20094E00B85D56 /* myVirtualTouristUITests.swift */; };
		36CBE4F51E20176C00B85D56 /* vtDataModel.xcdatamodeld in Sources */ = {isa = PBXBuildFile; fileRef = 36CBE4F31E20176C00B85D56 /* vtDataModel.xcdatamodeld */; };
		36CBE5371E20332C00B85D56 /* Pin+CoreDataClass.swift in Sources */ = {isa = PBXBuildFile; fileRef = 36CBE5331E20332C00B85D56 /* Pin+CoreDataClass.swift */; };
		36CBE5381E20332C00B85D56 /* Pin+CoreDataProperties.swift in Sources */ = {isa = PBXBuildFile; fileRef = 36CBE5341E20332C00B85D56 /* Pin+CoreDataProperties.swift */; };
		36CBE5391E20332C00B85D56 /* Photo+CoreDataClass.swift in Sources */ = {isa = PBXBuildFile; fileRef = 36CBE5351E20332C00B85D56 /* Photo+CoreDataClass.swift */; };
		36CBE53A1E20332C00B85D56 /* Photo+CoreDataProperties.swift in Sources */ = {isa = PBXBuildFile; fileRef = 36CBE5361E20332C00B85D56 /* Photo+CoreDataProperties.swift */; };
/* End PBXBuildFile section */

/* Begin PBXContainerItemProxy section */
		36CBE4D41E20094E00B85D56 /* PBXContainerItemProxy */ = {
			isa = PBXContainerItemProxy;
			containerPortal = 36CBE4B71E20094C00B85D56 /* Project object */;
			proxyType = 1;
			remoteGlobalIDString = 36CBE4BE1E20094C00B85D56;
			remoteInfo = myVirtualTourist;
		};
		36CBE4DF1E20094E00B85D56 /* PBXContainerItemProxy */ = {
			isa = PBXContainerItemProxy;
			containerPortal = 36CBE4B71E20094C00B85D56 /* Project object */;
			proxyType = 1;
			remoteGlobalIDString = 36CBE4BE1E20094C00B85D56;
			remoteInfo = myVirtualTourist;
		};
/* End PBXContainerItemProxy section */

/* Begin PBXFileReference section */
		360654AF1E2090E10020F434 /* CoreDataStackManager.swift */ = {isa = PBXFileReference; fileEncoding = 4; lastKnownFileType = sourcecode.swift; path = CoreDataStackManager.swift; sourceTree = "<group>"; };
		360654EB1E213AC10020F434 /* FlickrClient.swift */ = {isa = PBXFileReference; fileEncoding = 4; lastKnownFileType = sourcecode.swift; path = FlickrClient.swift; sourceTree = "<group>"; };
		360654F11E21D31B0020F434 /* PhotoViewController.swift */ = {isa = PBXFileReference; fileEncoding = 4; lastKnownFileType = sourcecode.swift; path = PhotoViewController.swift; sourceTree = "<group>"; };
		360654F31E2271AD0020F434 /* Common.swift */ = {isa = PBXFileReference; fileEncoding = 4; lastKnownFileType = sourcecode.swift; path = Common.swift; sourceTree = "<group>"; };
		360654F51E23184B0020F434 /* FlickrImageCell.swift */ = {isa = PBXFileReference; fileEncoding = 4; lastKnownFileType = sourcecode.swift; path = FlickrImageCell.swift; sourceTree = "<group>"; };
		36CBE4BF1E20094C00B85D56 /* myVirtualTourist.app */ = {isa = PBXFileReference; explicitFileType = wrapper.application; includeInIndex = 0; path = myVirtualTourist.app; sourceTree = BUILT_PRODUCTS_DIR; };
		36CBE4C21E20094C00B85D56 /* AppDelegate.swift */ = {isa = PBXFileReference; lastKnownFileType = sourcecode.swift; path = AppDelegate.swift; sourceTree = "<group>"; };
		36CBE4C41E20094C00B85D56 /* ViewController.swift */ = {isa = PBXFileReference; lastKnownFileType = sourcecode.swift; path = ViewController.swift; sourceTree = "<group>"; };
		36CBE4C71E20094D00B85D56 /* Base */ = {isa = PBXFileReference; lastKnownFileType = file.storyboard; name = Base; path = Base.lproj/Main.storyboard; sourceTree = "<group>"; };
		36CBE4C91E20094D00B85D56 /* Assets.xcassets */ = {isa = PBXFileReference; lastKnownFileType = folder.assetcatalog; path = Assets.xcassets; sourceTree = "<group>"; };
		36CBE4CC1E20094D00B85D56 /* Base */ = {isa = PBXFileReference; lastKnownFileType = file.storyboard; name = Base; path = Base.lproj/LaunchScreen.storyboard; sourceTree = "<group>"; };
		36CBE4CE1E20094D00B85D56 /* Info.plist */ = {isa = PBXFileReference; lastKnownFileType = text.plist.xml; path = Info.plist; sourceTree = "<group>"; };
		36CBE4D31E20094E00B85D56 /* myVirtualTouristTests.xctest */ = {isa = PBXFileReference; explicitFileType = wrapper.cfbundle; includeInIndex = 0; path = myVirtualTouristTests.xctest; sourceTree = BUILT_PRODUCTS_DIR; };
		36CBE4D71E20094E00B85D56 /* myVirtualTouristTests.swift */ = {isa = PBXFileReference; lastKnownFileType = sourcecode.swift; path = myVirtualTouristTests.swift; sourceTree = "<group>"; };
		36CBE4D91E20094E00B85D56 /* Info.plist */ = {isa = PBXFileReference; lastKnownFileType = text.plist.xml; path = Info.plist; sourceTree = "<group>"; };
		36CBE4DE1E20094E00B85D56 /* myVirtualTouristUITests.xctest */ = {isa = PBXFileReference; explicitFileType = wrapper.cfbundle; includeInIndex = 0; path = myVirtualTouristUITests.xctest; sourceTree = BUILT_PRODUCTS_DIR; };
		36CBE4E21E20094E00B85D56 /* myVirtualTouristUITests.swift */ = {isa = PBXFileReference; lastKnownFileType = sourcecode.swift; path = myVirtualTouristUITests.swift; sourceTree = "<group>"; };
		36CBE4E41E20094E00B85D56 /* Info.plist */ = {isa = PBXFileReference; lastKnownFileType = text.plist.xml; path = Info.plist; sourceTree = "<group>"; };
		36CBE4F41E20176C00B85D56 /* vtDataModel.xcdatamodel */ = {isa = PBXFileReference; lastKnownFileType = wrapper.xcdatamodel; path = vtDataModel.xcdatamodel; sourceTree = "<group>"; };
		36CBE5331E20332C00B85D56 /* Pin+CoreDataClass.swift */ = {isa = PBXFileReference; fileEncoding = 4; lastKnownFileType = sourcecode.swift; path = "Pin+CoreDataClass.swift"; sourceTree = "<group>"; };
		36CBE5341E20332C00B85D56 /* Pin+CoreDataProperties.swift */ = {isa = PBXFileReference; fileEncoding = 4; lastKnownFileType = sourcecode.swift; path = "Pin+CoreDataProperties.swift"; sourceTree = "<group>"; };
		36CBE5351E20332C00B85D56 /* Photo+CoreDataClass.swift */ = {isa = PBXFileReference; fileEncoding = 4; lastKnownFileType = sourcecode.swift; path = "Photo+CoreDataClass.swift"; sourceTree = "<group>"; };
		36CBE5361E20332C00B85D56 /* Photo+CoreDataProperties.swift */ = {isa = PBXFileReference; fileEncoding = 4; lastKnownFileType = sourcecode.swift; path = "Photo+CoreDataProperties.swift"; sourceTree = "<group>"; };
/* End PBXFileReference section */

/* Begin PBXFrameworksBuildPhase section */
		36CBE4BC1E20094C00B85D56 /* Frameworks */ = {
			isa = PBXFrameworksBuildPhase;
			buildActionMask = 2147483647;
			files = (
			);
			runOnlyForDeploymentPostprocessing = 0;
		};
		36CBE4D01E20094E00B85D56 /* Frameworks */ = {
			isa = PBXFrameworksBuildPhase;
			buildActionMask = 2147483647;
			files = (
			);
			runOnlyForDeploymentPostprocessing = 0;
		};
		36CBE4DB1E20094E00B85D56 /* Frameworks */ = {
			isa = PBXFrameworksBuildPhase;
			buildActionMask = 2147483647;
			files = (
			);
			runOnlyForDeploymentPostprocessing = 0;
		};
/* End PBXFrameworksBuildPhase section */

/* Begin PBXGroup section */
		36CBE4B61E20094C00B85D56 = {
			isa = PBXGroup;
			children = (
				36CBE4C11E20094C00B85D56 /* myVirtualTourist */,
				36CBE4D61E20094E00B85D56 /* myVirtualTouristTests */,
				36CBE4E11E20094E00B85D56 /* myVirtualTouristUITests */,
				36CBE4C01E20094C00B85D56 /* Products */,
			);
			sourceTree = "<group>";
		};
		36CBE4C01E20094C00B85D56 /* Products */ = {
			isa = PBXGroup;
			children = (
				36CBE4BF1E20094C00B85D56 /* myVirtualTourist.app */,
				36CBE4D31E20094E00B85D56 /* myVirtualTouristTests.xctest */,
				36CBE4DE1E20094E00B85D56 /* myVirtualTouristUITests.xctest */,
			);
			name = Products;
			sourceTree = "<group>";
		};
		36CBE4C11E20094C00B85D56 /* myVirtualTourist */ = {
			isa = PBXGroup;
			children = (
				36CBE4F21E20170400B85D56 /* Controller */,
				36CBE4F11E2016FC00B85D56 /* View */,
				36CBE4F01E2016F400B85D56 /* Model */,
			);
			path = myVirtualTourist;
			sourceTree = "<group>";
		};
		36CBE4D61E20094E00B85D56 /* myVirtualTouristTests */ = {
			isa = PBXGroup;
			children = (
				36CBE4D71E20094E00B85D56 /* myVirtualTouristTests.swift */,
				36CBE4D91E20094E00B85D56 /* Info.plist */,
			);
			path = myVirtualTouristTests;
			sourceTree = "<group>";
		};
		36CBE4E11E20094E00B85D56 /* myVirtualTouristUITests */ = {
			isa = PBXGroup;
			children = (
				36CBE4E21E20094E00B85D56 /* myVirtualTouristUITests.swift */,
				36CBE4E41E20094E00B85D56 /* Info.plist */,
			);
			path = myVirtualTouristUITests;
			sourceTree = "<group>";
		};
		36CBE4F01E2016F400B85D56 /* Model */ = {
			isa = PBXGroup;
			children = (
				36CBE5331E20332C00B85D56 /* Pin+CoreDataClass.swift */,
				36CBE5341E20332C00B85D56 /* Pin+CoreDataProperties.swift */,
				36CBE5351E20332C00B85D56 /* Photo+CoreDataClass.swift */,
				36CBE5361E20332C00B85D56 /* Photo+CoreDataProperties.swift */,
				36CBE4F31E20176C00B85D56 /* vtDataModel.xcdatamodeld */,
				360654F31E2271AD0020F434 /* Common.swift */,
			);
			name = Model;
			sourceTree = "<group>";
		};
		36CBE4F11E2016FC00B85D56 /* View */ = {
			isa = PBXGroup;
			children = (
				36CBE4C61E20094D00B85D56 /* Main.storyboard */,
				36CBE4C91E20094D00B85D56 /* Assets.xcassets */,
				36CBE4CB1E20094D00B85D56 /* LaunchScreen.storyboard */,
				36CBE4CE1E20094D00B85D56 /* Info.plist */,
			);
			name = View;
			sourceTree = "<group>";
		};
		36CBE4F21E20170400B85D56 /* Controller */ = {
			isa = PBXGroup;
			children = (
				36CBE4C21E20094C00B85D56 /* AppDelegate.swift */,
				36CBE4C41E20094C00B85D56 /* ViewController.swift */,
				360654AF1E2090E10020F434 /* CoreDataStackManager.swift */,
				360654EB1E213AC10020F434 /* FlickrClient.swift */,
				360654F11E21D31B0020F434 /* PhotoViewController.swift */,
				360654F51E23184B0020F434 /* FlickrImageCell.swift */,
			);
			name = Controller;
			sourceTree = "<group>";
		};
/* End PBXGroup section */

/* Begin PBXNativeTarget section */
		36CBE4BE1E20094C00B85D56 /* myVirtualTourist */ = {
			isa = PBXNativeTarget;
			buildConfigurationList = 36CBE4E71E20094E00B85D56 /* Build configuration list for PBXNativeTarget "myVirtualTourist" */;
			buildPhases = (
				36CBE4BB1E20094C00B85D56 /* Sources */,
				36CBE4BC1E20094C00B85D56 /* Frameworks */,
				36CBE4BD1E20094C00B85D56 /* Resources */,
			);
			buildRules = (
			);
			dependencies = (
			);
			name = myVirtualTourist;
			productName = myVirtualTourist;
			productReference = 36CBE4BF1E20094C00B85D56 /* myVirtualTourist.app */;
			productType = "com.apple.product-type.application";
		};
		36CBE4D21E20094E00B85D56 /* myVirtualTouristTests */ = {
			isa = PBXNativeTarget;
			buildConfigurationList = 36CBE4EA1E20094E00B85D56 /* Build configuration list for PBXNativeTarget "myVirtualTouristTests" */;
			buildPhases = (
				36CBE4CF1E20094E00B85D56 /* Sources */,
				36CBE4D01E20094E00B85D56 /* Frameworks */,
				36CBE4D11E20094E00B85D56 /* Resources */,
			);
			buildRules = (
			);
			dependencies = (
				36CBE4D51E20094E00B85D56 /* PBXTargetDependency */,
			);
			name = myVirtualTouristTests;
			productName = myVirtualTouristTests;
			productReference = 36CBE4D31E20094E00B85D56 /* myVirtualTouristTests.xctest */;
			productType = "com.apple.product-type.bundle.unit-test";
		};
		36CBE4DD1E20094E00B85D56 /* myVirtualTouristUITests */ = {
			isa = PBXNativeTarget;
			buildConfigurationList = 36CBE4ED1E20094E00B85D56 /* Build configuration list for PBXNativeTarget "myVirtualTouristUITests" */;
			buildPhases = (
				36CBE4DA1E20094E00B85D56 /* Sources */,
				36CBE4DB1E20094E00B85D56 /* Frameworks */,
				36CBE4DC1E20094E00B85D56 /* Resources */,
			);
			buildRules = (
			);
			dependencies = (
				36CBE4E01E20094E00B85D56 /* PBXTargetDependency */,
			);
			name = myVirtualTouristUITests;
			productName = myVirtualTouristUITests;
			productReference = 36CBE4DE1E20094E00B85D56 /* myVirtualTouristUITests.xctest */;
			productType = "com.apple.product-type.bundle.ui-testing";
		};
/* End PBXNativeTarget section */

/* Begin PBXProject section */
		36CBE4B71E20094C00B85D56 /* Project object */ = {
			isa = PBXProject;
			attributes = {
				LastSwiftUpdateCheck = 0800;
				LastUpgradeCheck = 0800;
				ORGANIZATIONNAME = myw;
				TargetAttributes = {
					36CBE4BE1E20094C00B85D56 = {
						CreatedOnToolsVersion = 8.0;
						ProvisioningStyle = Automatic;
					};
					36CBE4D21E20094E00B85D56 = {
						CreatedOnToolsVersion = 8.0;
						ProvisioningStyle = Automatic;
						TestTargetID = 36CBE4BE1E20094C00B85D56;
					};
					36CBE4DD1E20094E00B85D56 = {
						CreatedOnToolsVersion = 8.0;
						ProvisioningStyle = Automatic;
						TestTargetID = 36CBE4BE1E20094C00B85D56;
					};
				};
			};
			buildConfigurationList = 36CBE4BA1E20094C00B85D56 /* Build configuration list for PBXProject "myVirtualTourist" */;
			compatibilityVersion = "Xcode 3.2";
			developmentRegion = English;
			hasScannedForEncodings = 0;
			knownRegions = (
				en,
				Base,
			);
			mainGroup = 36CBE4B61E20094C00B85D56;
			productRefGroup = 36CBE4C01E20094C00B85D56 /* Products */;
			projectDirPath = "";
			projectRoot = "";
			targets = (
				36CBE4BE1E20094C00B85D56 /* myVirtualTourist */,
				36CBE4D21E20094E00B85D56 /* myVirtualTouristTests */,
				36CBE4DD1E20094E00B85D56 /* myVirtualTouristUITests */,
			);
		};
/* End PBXProject section */

/* Begin PBXResourcesBuildPhase section */
		36CBE4BD1E20094C00B85D56 /* Resources */ = {
			isa = PBXResourcesBuildPhase;
			buildActionMask = 2147483647;
			files = (
				36CBE4CD1E20094D00B85D56 /* LaunchScreen.storyboard in Resources */,
				36CBE4CA1E20094D00B85D56 /* Assets.xcassets in Resources */,
				36CBE4C81E20094D00B85D56 /* Main.storyboard in Resources */,
			);
			runOnlyForDeploymentPostprocessing = 0;
		};
		36CBE4D11E20094E00B85D56 /* Resources */ = {
			isa = PBXResourcesBuildPhase;
			buildActionMask = 2147483647;
			files = (
			);
			runOnlyForDeploymentPostprocessing = 0;
		};
		36CBE4DC1E20094E00B85D56 /* Resources */ = {
			isa = PBXResourcesBuildPhase;
			buildActionMask = 2147483647;
			files = (
			);
			runOnlyForDeploymentPostprocessing = 0;
		};
/* End PBXResourcesBuildPhase section */

/* Begin PBXSourcesBuildPhase section */
		36CBE4BB1E20094C00B85D56 /* Sources */ = {
			isa = PBXSourcesBuildPhase;
			buildActionMask = 2147483647;
			files = (
				36CBE53A1E20332C00B85D56 /* Photo+CoreDataProperties.swift in Sources */,
				360654B01E2090E10020F434 /* CoreDataStackManager.swift in Sources */,
				360654F61E23184B0020F434 /* FlickrImageCell.swift in Sources */,
				36CBE5391E20332C00B85D56 /* Photo+CoreDataClass.swift in Sources */,
				36CBE4C51E20094C00B85D56 /* ViewController.swift in Sources */,
				360654F41E2271AD0020F434 /* Common.swift in Sources */,
				36CBE5371E20332C00B85D56 /* Pin+CoreDataClass.swift in Sources */,
				36CBE4F51E20176C00B85D56 /* vtDataModel.xcdatamodeld in Sources */,
				36CBE5381E20332C00B85D56 /* Pin+CoreDataProperties.swift in Sources */,
				36CBE4C31E20094C00B85D56 /* AppDelegate.swift in Sources */,
				360654EC1E213AC10020F434 /* FlickrClient.swift in Sources */,
				360654F21E21D31B0020F434 /* PhotoViewController.swift in Sources */,
			);
			runOnlyForDeploymentPostprocessing = 0;
		};
		36CBE4CF1E20094E00B85D56 /* Sources */ = {
			isa = PBXSourcesBuildPhase;
			buildActionMask = 2147483647;
			files = (
				36CBE4D81E20094E00B85D56 /* myVirtualTouristTests.swift in Sources */,
			);
			runOnlyForDeploymentPostprocessing = 0;
		};
		36CBE4DA1E20094E00B85D56 /* Sources */ = {
			isa = PBXSourcesBuildPhase;
			buildActionMask = 2147483647;
			files = (
				36CBE4E31E20094E00B85D56 /* myVirtualTouristUITests.swift in Sources */,
			);
			runOnlyForDeploymentPostprocessing = 0;
		};
/* End PBXSourcesBuildPhase section */

/* Begin PBXTargetDependency section */
		36CBE4D51E20094E00B85D56 /* PBXTargetDependency */ = {
			isa = PBXTargetDependency;
			target = 36CBE4BE1E20094C00B85D56 /* myVirtualTourist */;
			targetProxy = 36CBE4D41E20094E00B85D56 /* PBXContainerItemProxy */;
		};
		36CBE4E01E20094E00B85D56 /* PBXTargetDependency */ = {
			isa = PBXTargetDependency;
			target = 36CBE4BE1E20094C00B85D56 /* myVirtualTourist */;
			targetProxy = 36CBE4DF1E20094E00B85D56 /* PBXContainerItemProxy */;
		};
/* End PBXTargetDependency section */

/* Begin PBXVariantGroup section */
		36CBE4C61E20094D00B85D56 /* Main.storyboard */ = {
			isa = PBXVariantGroup;
			children = (
				36CBE4C71E20094D00B85D56 /* Base */,
			);
			name = Main.storyboard;
			sourceTree = "<group>";
		};
		36CBE4CB1E20094D00B85D56 /* LaunchScreen.storyboard */ = {
			isa = PBXVariantGroup;
			children = (
				36CBE4CC1E20094D00B85D56 /* Base */,
			);
			name = LaunchScreen.storyboard;
			sourceTree = "<group>";
		};
/* End PBXVariantGroup section */

/* Begin XCBuildConfiguration section */
		36CBE4E51E20094E00B85D56 /* Debug */ = {
			isa = XCBuildConfiguration;
			buildSettings = {
				ALWAYS_SEARCH_USER_PATHS = NO;
				CLANG_ANALYZER_NONNULL = YES;
				CLANG_CXX_LANGUAGE_STANDARD = "gnu++0x";
				CLANG_CXX_LIBRARY = "libc++";
				CLANG_ENABLE_MODULES = YES;
				CLANG_ENABLE_OBJC_ARC = YES;
				CLANG_WARN_BOOL_CONVERSION = YES;
				CLANG_WARN_CONSTANT_CONVERSION = YES;
				CLANG_WARN_DIRECT_OBJC_ISA_USAGE = YES_ERROR;
				CLANG_WARN_DOCUMENTATION_COMMENTS = YES;
				CLANG_WARN_EMPTY_BODY = YES;
				CLANG_WARN_ENUM_CONVERSION = YES;
				CLANG_WARN_INFINITE_RECURSION = YES;
				CLANG_WARN_INT_CONVERSION = YES;
				CLANG_WARN_OBJC_ROOT_CLASS = YES_ERROR;
				CLANG_WARN_SUSPICIOUS_MOVES = YES;
				CLANG_WARN_UNREACHABLE_CODE = YES;
				CLANG_WARN__DUPLICATE_METHOD_MATCH = YES;
				"CODE_SIGN_IDENTITY[sdk=iphoneos*]" = "iPhone Developer";
				COPY_PHASE_STRIP = NO;
				DEBUG_INFORMATION_FORMAT = dwarf;
				ENABLE_STRICT_OBJC_MSGSEND = YES;
				ENABLE_TESTABILITY = YES;
				GCC_C_LANGUAGE_STANDARD = gnu99;
				GCC_DYNAMIC_NO_PIC = NO;
				GCC_NO_COMMON_BLOCKS = YES;
				GCC_OPTIMIZATION_LEVEL = 0;
				GCC_PREPROCESSOR_DEFINITIONS = (
					"DEBUG=1",
					"$(inherited)",
				);
				GCC_WARN_64_TO_32_BIT_CONVERSION = YES;
				GCC_WARN_ABOUT_RETURN_TYPE = YES_ERROR;
				GCC_WARN_UNDECLARED_SELECTOR = YES;
				GCC_WARN_UNINITIALIZED_AUTOS = YES_AGGRESSIVE;
				GCC_WARN_UNUSED_FUNCTION = YES;
				GCC_WARN_UNUSED_VARIABLE = YES;
				IPHONEOS_DEPLOYMENT_TARGET = 10.0;
				MTL_ENABLE_DEBUG_INFO = YES;
				ONLY_ACTIVE_ARCH = YES;
				SDKROOT = iphoneos;
				SWIFT_ACTIVE_COMPILATION_CONDITIONS = DEBUG;
				SWIFT_OPTIMIZATION_LEVEL = "-Onone";
			};
			name = Debug;
		};
		36CBE4E61E20094E00B85D56 /* Release */ = {
			isa = XCBuildConfiguration;
			buildSettings = {
				ALWAYS_SEARCH_USER_PATHS = NO;
				CLANG_ANALYZER_NONNULL = YES;
				CLANG_CXX_LANGUAGE_STANDARD = "gnu++0x";
				CLANG_CXX_LIBRARY = "libc++";
				CLANG_ENABLE_MODULES = YES;
				CLANG_ENABLE_OBJC_ARC = YES;
				CLANG_WARN_BOOL_CONVERSION = YES;
				CLANG_WARN_CONSTANT_CONVERSION = YES;
				CLANG_WARN_DIRECT_OBJC_ISA_USAGE = YES_ERROR;
				CLANG_WARN_DOCUMENTATION_COMMENTS = YES;
				CLANG_WARN_EMPTY_BODY = YES;
				CLANG_WARN_ENUM_CONVERSION = YES;
				CLANG_WARN_INFINITE_RECURSION = YES;
				CLANG_WARN_INT_CONVERSION = YES;
				CLANG_WARN_OBJC_ROOT_CLASS = YES_ERROR;
				CLANG_WARN_SUSPICIOUS_MOVES = YES;
				CLANG_WARN_UNREACHABLE_CODE = YES;
				CLANG_WARN__DUPLICATE_METHOD_MATCH = YES;
				"CODE_SIGN_IDENTITY[sdk=iphoneos*]" = "iPhone Developer";
				COPY_PHASE_STRIP = NO;
				DEBUG_INFORMATION_FORMAT = "dwarf-with-dsym";
				ENABLE_NS_ASSERTIONS = NO;
				ENABLE_STRICT_OBJC_MSGSEND = YES;
				GCC_C_LANGUAGE_STANDARD = gnu99;
				GCC_NO_COMMON_BLOCKS = YES;
				GCC_WARN_64_TO_32_BIT_CONVERSION = YES;
				GCC_WARN_ABOUT_RETURN_TYPE = YES_ERROR;
				GCC_WARN_UNDECLARED_SELECTOR = YES;
				GCC_WARN_UNINITIALIZED_AUTOS = YES_AGGRESSIVE;
				GCC_WARN_UNUSED_FUNCTION = YES;
				GCC_WARN_UNUSED_VARIABLE = YES;
				IPHONEOS_DEPLOYMENT_TARGET = 10.0;
				MTL_ENABLE_DEBUG_INFO = NO;
				SDKROOT = iphoneos;
				SWIFT_OPTIMIZATION_LEVEL = "-Owholemodule";
				VALIDATE_PRODUCT = YES;
			};
			name = Release;
		};
		36CBE4E81E20094E00B85D56 /* Debug */ = {
			isa = XCBuildConfiguration;
			buildSettings = {
				ASSETCATALOG_COMPILER_APPICON_NAME = AppIcon;
				INFOPLIST_FILE = myVirtualTourist/Info.plist;
				LD_RUNPATH_SEARCH_PATHS = "$(inherited) @executable_path/Frameworks";
				PRODUCT_BUNDLE_IDENTIFIER = makeurway.myVirtualTourist;
				PRODUCT_NAME = "$(TARGET_NAME)";
				SWIFT_VERSION = 3.0;
			};
			name = Debug;
		};
		36CBE4E91E20094E00B85D56 /* Release */ = {
			isa = XCBuildConfiguration;
			buildSettings = {
				ASSETCATALOG_COMPILER_APPICON_NAME = AppIcon;
				INFOPLIST_FILE = myVirtualTourist/Info.plist;
				LD_RUNPATH_SEARCH_PATHS = "$(inherited) @executable_path/Frameworks";
				PRODUCT_BUNDLE_IDENTIFIER = makeurway.myVirtualTourist;
				PRODUCT_NAME = "$(TARGET_NAME)";
				SWIFT_VERSION = 3.0;
			};
			name = Release;
		};
		36CBE4EB1E20094E00B85D56 /* Debug */ = {
			isa = XCBuildConfiguration;
			buildSettings = {
				ALWAYS_EMBED_SWIFT_STANDARD_LIBRARIES = YES;
				BUNDLE_LOADER = "$(TEST_HOST)";
				INFOPLIST_FILE = myVirtualTouristTests/Info.plist;
				LD_RUNPATH_SEARCH_PATHS = "$(inherited) @executable_path/Frameworks @loader_path/Frameworks";
				PRODUCT_BUNDLE_IDENTIFIER = makeurway.myVirtualTouristTests;
				PRODUCT_NAME = "$(TARGET_NAME)";
				SWIFT_VERSION = 3.0;
				TEST_HOST = "$(BUILT_PRODUCTS_DIR)/myVirtualTourist.app/myVirtualTourist";
			};
			name = Debug;
		};
		36CBE4EC1E20094E00B85D56 /* Release */ = {
			isa = XCBuildConfiguration;
			buildSettings = {
				ALWAYS_EMBED_SWIFT_STANDARD_LIBRARIES = YES;
				BUNDLE_LOADER = "$(TEST_HOST)";
				INFOPLIST_FILE = myVirtualTouristTests/Info.plist;
				LD_RUNPATH_SEARCH_PATHS = "$(inherited) @executable_path/Frameworks @loader_path/Frameworks";
				PRODUCT_BUNDLE_IDENTIFIER = makeurway.myVirtualTouristTests;
				PRODUCT_NAME = "$(TARGET_NAME)";
				SWIFT_VERSION = 3.0;
				TEST_HOST = "$(BUILT_PRODUCTS_DIR)/myVirtualTourist.app/myVirtualTourist";
			};
			name = Release;
		};
		36CBE4EE1E20094E00B85D56 /* Debug */ = {
			isa = XCBuildConfiguration;
			buildSettings = {
				ALWAYS_EMBED_SWIFT_STANDARD_LIBRARIES = YES;
				INFOPLIST_FILE = myVirtualTouristUITests/Info.plist;
				LD_RUNPATH_SEARCH_PATHS = "$(inherited) @executable_path/Frameworks @loader_path/Frameworks";
				PRODUCT_BUNDLE_IDENTIFIER = makeurway.myVirtualTouristUITests;
				PRODUCT_NAME = "$(TARGET_NAME)";
				SWIFT_VERSION = 3.0;
				TEST_TARGET_NAME = myVirtualTourist;
			};
			name = Debug;
		};
		36CBE4EF1E20094E00B85D56 /* Release */ = {
			isa = XCBuildConfiguration;
			buildSettings = {
				ALWAYS_EMBED_SWIFT_STANDARD_LIBRARIES = YES;
				INFOPLIST_FILE = myVirtualTouristUITests/Info.plist;
				LD_RUNPATH_SEARCH_PATHS = "$(inherited) @executable_path/Frameworks @loader_path/Frameworks";
				PRODUCT_BUNDLE_IDENTIFIER = makeurway.myVirtualTouristUITests;
				PRODUCT_NAME = "$(TARGET_NAME)";
				SWIFT_VERSION = 3.0;
				TEST_TARGET_NAME = myVirtualTourist;
			};
			name = Release;
		};
/* End XCBuildConfiguration section */

/* Begin XCConfigurationList section */
		36CBE4BA1E20094C00B85D56 /* Build configuration list for PBXProject "myVirtualTourist" */ = {
			isa = XCConfigurationList;
			buildConfigurations = (
				36CBE4E51E20094E00B85D56 /* Debug */,
				36CBE4E61E20094E00B85D56 /* Release */,
			);
			defaultConfigurationIsVisible = 0;
			defaultConfigurationName = Release;
		};
		36CBE4E71E20094E00B85D56 /* Build configuration list for PBXNativeTarget "myVirtualTourist" */ = {
			isa = XCConfigurationList;
			buildConfigurations = (
				36CBE4E81E20094E00B85D56 /* Debug */,
				36CBE4E91E20094E00B85D56 /* Release */,
			);
			defaultConfigurationIsVisible = 0;
			defaultConfigurationName = Release;
		};
		36CBE4EA1E20094E00B85D56 /* Build configuration list for PBXNativeTarget "myVirtualTouristTests" */ = {
			isa = XCConfigurationList;
			buildConfigurations = (
				36CBE4EB1E20094E00B85D56 /* Debug */,
				36CBE4EC1E20094E00B85D56 /* Release */,
			);
			defaultConfigurationIsVisible = 0;
			defaultConfigurationName = Release;
		};
		36CBE4ED1E20094E00B85D56 /* Build configuration list for PBXNativeTarget "myVirtualTouristUITests" */ = {
			isa = XCConfigurationList;
			buildConfigurations = (
				36CBE4EE1E20094E00B85D56 /* Debug */,
				36CBE4EF1E20094E00B85D56 /* Release */,
			);
			defaultConfigurationIsVisible = 0;
			defaultConfigurationName = Release;
		};
/* End XCConfigurationList section */

/* Begin XCVersionGroup section */
		36CBE4F31E20176C00B85D56 /* vtDataModel.xcdatamodeld */ = {
			isa = XCVersionGroup;
			children = (
				36CBE4F41E20176C00B85D56 /* vtDataModel.xcdatamodel */,
			);
			currentVersion = 36CBE4F41E20176C00B85D56 /* vtDataModel.xcdatamodel */;
			path = vtDataModel.xcdatamodeld;
			sourceTree = "<group>";
			versionGroupType = wrapper.xcdatamodel;
		};
/* End XCVersionGroup section */
	};
	rootObject = 36CBE4B71E20094C00B85D56 /* Project object */;
}
